
Microsoft Visual Studio Solution File, Format Version 12.00
# Visual Studio 15
VisualStudioVersion = 15.0.27428.2037
MinimumVisualStudioVersion = 10.0.40219.1
Project("{FAE04EC0-301F-11D3-BF4B-00C04F79EFBC}") = "StopOutlook", "StopOutlook\StopOutlook.csproj", "{AFF5AC0C-6934-469E-BE8E-EC848E8D39D7}"
EndProject
Global
	GlobalSection(SolutionConfigurationPlatforms) = preSolution
		Debug|Any CPU = Debug|Any CPU
		Release|Any CPU = Release|Any CPU
	EndGlobalSection
	GlobalSection(ProjectConfigurationPlatforms) = postSolution
		{AFF5AC0C-6934-469E-BE8E-EC848E8D39D7}.Debug|Any CPU.ActiveCfg = Debug|Any CPU
		{AFF5AC0C-6934-469E-BE8E-EC848E8D39D7}.Debug|Any CPU.Build.0 = Debug|Any CPU
		{AFF5AC0C-6934-469E-BE8E-EC848E8D39D7}.Release|Any CPU.ActiveCfg = Release|Any CPU
		{AFF5AC0C-6934-469E-BE8E-EC848E8D39D7}.Release|Any CPU.Build.0 = Release|Any CPU
	EndGlobalSection
	GlobalSection(SolutionProperties) = preSolution
		HideSolutionNode = FALSE
	EndGlobalSection
	GlobalSection(ExtensibilityGlobals) = postSolution
		SolutionGuid = {4A15ABC2-4F59-4F4E-B1A8-AD0AA00D7B11}
	EndGlobalSection
EndGlobal
